
Microsoft Visual Studio Solution File, Format Version 12.00
# Visual Studio Version 17
VisualStudioVersion = 17.0.31912.275
MinimumVisualStudioVersion = 10.0.40219.1
Project("{FAE04EC0-301F-11D3-BF4B-00C04F79EFBC}") = "Csharp", "Csharp\Csharp.csproj", "{F1EDD4F7-A3DF-4917-8461-871229DD8466}"
EndProject
Global
	GlobalSection(SolutionConfigurationPlatforms) = preSolution
		Debug|Any CPU = Debug|Any CPU
		Release|Any CPU = Release|Any CPU
	EndGlobalSection
	GlobalSection(ProjectConfigurationPlatforms) = postSolution
		{F1EDD4F7-A3DF-4917-8461-871229DD8466}.Debug|Any CPU.ActiveCfg = Debug|Any CPU
		{F1EDD4F7-A3DF-4917-8461-871229DD8466}.Debug|Any CPU.Build.0 = Debug|Any CPU
		{F1EDD4F7-A3DF-4917-8461-871229DD8466}.Release|Any CPU.ActiveCfg = Release|Any CPU
		{F1EDD4F7-A3DF-4917-8461-871229DD8466}.Release|Any CPU.Build.0 = Release|Any CPU
	EndGlobalSection
	GlobalSection(SolutionProperties) = preSolution
		HideSolutionNode = FALSE
	EndGlobalSection
	GlobalSection(ExtensibilityGlobals) = postSolution
		SolutionGuid = {291D497D-DA10-488F-B35C-3B122D7DC93B}
	EndGlobalSection
EndGlobal
